# This file is automatically @generated by Cargo.
# It is not intended for manual editing.
version = 3

[[package]]
name = "cfg-if"
version = "1.0.0"
source = "registry+https://github.com/rust-lang/crates.io-index"
checksum = "baf1de4339761588bc0619e3cbc0120ee582ebb74b53b4efbf79117bd2da40fd"

[[package]]
name = "fastrand"
version = "1.5.0"
source = "registry+https://github.com/rust-lang/crates.io-index"
checksum = "b394ed3d285a429378d3b384b9eb1285267e7df4b166df24b7a6939a04dc392e"
dependencies = [
 "instant",
]

[[package]]
name = "instant"
version = "0.1.10"
source = "registry+https://github.com/rust-lang/crates.io-index"
checksum = "bee0328b1209d157ef001c94dd85b4f8f64139adb0eac2659f4b08382b2f474d"
dependencies = [
 "cfg-if",
]

[[package]]
name = "rtx"
version = "0.1.0"
dependencies = [
 "fastrand",
]
